PODS:
  - BrainCloudCpp (3.10.0):
    - BrainCloudJsonCpp
    - SocketRocket (~> 0.5)
    - SSKeychain
  - BrainCloudJsonCpp (1.0.0)
  - SocketRocket (0.5.1)
  - SSKeychain (1.4.1)

DEPENDENCIES:
  - BrainCloudCpp (~> 3.10.0)

SPEC REPOS:
  https://github.com/cocoapods/specs.git:
    - BrainCloudCpp
    - BrainCloudJsonCpp
    - SocketRocket
    - SSKeychain

SPEC CHECKSUMS:
  BrainCloudCpp: 69cbb68554dfedfe287f46a6f235d2f1db3ce11f
  BrainCloudJsonCpp: 668a2cef2109fc8effbc473716d1f3d42f1fd346
  SocketRocket: d57c7159b83c3c6655745cd15302aa24b6bae531
  SSKeychain: 55cc80f66f5c73da827e3077f02e43528897db41

PODFILE CHECKSUM: ce02477d058c264d5e40e8f53e73272ad56a772c

COCOAPODS: 1.5.3
